
Microsoft Visual Studio Solution File, Format Version 12.00
# Visual Studio 15
VisualStudioVersion = 15.0.27428.2015
MinimumVisualStudioVersion = 10.0.40219.1
Project("{F184B08F-C81C-45F6-A57F-5ABD9991F28F}") = "Entidades", "Entidades\Entidades.vbproj", "{80BABC8C-043A-437F-B5AF-B770FF5D9902}"
EndProject
Project("{F184B08F-C81C-45F6-A57F-5ABD9991F28F}") = "EntidadesTest", "EntidadesTest\EntidadesTest.vbproj", "{AFFCE4D2-C059-444B-A3DE-C8FBD38A65DC}"
EndProject
Global
	GlobalSection(SolutionConfigurationPlatforms) = preSolution
		Debug|Any CPU = Debug|Any CPU
		Release|Any CPU = Release|Any CPU
	EndGlobalSection
	GlobalSection(ProjectConfigurationPlatforms) = postSolution
		{80BABC8C-043A-437F-B5AF-B770FF5D9902}.Debug|Any CPU.ActiveCfg = Debug|Any CPU
		{80BABC8C-043A-437F-B5AF-B770FF5D9902}.Debug|Any CPU.Build.0 = Debug|Any CPU
		{80BABC8C-043A-437F-B5AF-B770FF5D9902}.Release|Any CPU.ActiveCfg = Release|Any CPU
		{80BABC8C-043A-437F-B5AF-B770FF5D9902}.Release|Any CPU.Build.0 = Release|Any CPU
		{AFFCE4D2-C059-444B-A3DE-C8FBD38A65DC}.Debug|Any CPU.ActiveCfg = Debug|Any CPU
		{AFFCE4D2-C059-444B-A3DE-C8FBD38A65DC}.Debug|Any CPU.Build.0 = Debug|Any CPU
		{AFFCE4D2-C059-444B-A3DE-C8FBD38A65DC}.Release|Any CPU.ActiveCfg = Release|Any CPU
		{AFFCE4D2-C059-444B-A3DE-C8FBD38A65DC}.Release|Any CPU.Build.0 = Release|Any CPU
	EndGlobalSection
	GlobalSection(SolutionProperties) = preSolution
		HideSolutionNode = FALSE
	EndGlobalSection
	GlobalSection(ExtensibilityGlobals) = postSolution
		SolutionGuid = {F3A61407-EF44-4A60-A78A-58DF891A3F60}
	EndGlobalSection
EndGlobal
